
Microsoft Visual Studio Solution File, Format Version 12.00
# Visual Studio Version 16
VisualStudioVersion = 16.0.29709.97
MinimumVisualStudioVersion = 10.0.40219.1
Project("{FAE04EC0-301F-11D3-BF4B-00C04F79EFBC}") = "Highfield Recruitment Test", "Highfield Recruitment Test\Highfield Recruitment Test.csproj", "{258539F7-2B35-4633-BE50-6B80EC1CAF8E}"
EndProject
Global
	GlobalSection(SolutionConfigurationPlatforms) = preSolution
		Debug|Any CPU = Debug|Any CPU
		Release|Any CPU = Release|Any CPU
	EndGlobalSection
	GlobalSection(ProjectConfigurationPlatforms) = postSolution
		{258539F7-2B35-4633-BE50-6B80EC1CAF8E}.Debug|Any CPU.ActiveCfg = Debug|Any CPU
		{258539F7-2B35-4633-BE50-6B80EC1CAF8E}.Debug|Any CPU.Build.0 = Debug|Any CPU
		{258539F7-2B35-4633-BE50-6B80EC1CAF8E}.Release|Any CPU.ActiveCfg = Release|Any CPU
		{258539F7-2B35-4633-BE50-6B80EC1CAF8E}.Release|Any CPU.Build.0 = Release|Any CPU
	EndGlobalSection
	GlobalSection(SolutionProperties) = preSolution
		HideSolutionNode = FALSE
	EndGlobalSection
	GlobalSection(ExtensibilityGlobals) = postSolution
		SolutionGuid = {60B8D1A3-9A84-427F-9904-5B666439C592}
	EndGlobalSection
EndGlobal
